
Microsoft Visual Studio Solution File, Format Version 12.00
# Visual Studio 14
VisualStudioVersion = 14.0.25420.1
MinimumVisualStudioVersion = 10.0.40219.1
Project("{FAE04EC0-301F-11D3-BF4B-00C04F79EFBC}") = "1.GringottsDatabase", "1.GringottsDatabase\1.GringottsDatabase.csproj", "{3A5CD160-9889-4DA2-B8EA-9AAAF1F7E36B}"
EndProject
Project("{FAE04EC0-301F-11D3-BF4B-00C04F79EFBC}") = "2.UsersDatabase", "2.UsersDatabase\2.UsersDatabase.csproj", "{210D5150-7D98-44EE-9EFA-E422787A2482}"
EndProject
Project("{FAE04EC0-301F-11D3-BF4B-00C04F79EFBC}") = "3.HotelDatabase", "3.HotelDatabase\3.HotelDatabase.csproj", "{C88FF51D-77FC-4DAC-AFF9-DCD04E2C7F3C}"
EndProject
Project("{FAE04EC0-301F-11D3-BF4B-00C04F79EFBC}") = "4.SalesDatabase", "4.SalesDatabase\4.SalesDatabase.csproj", "{2DB3B271-7F8A-4871-8C53-FF9E0EB4B81A}"
EndProject
Global
	GlobalSection(SolutionConfigurationPlatforms) = preSolution
		Debug|Any CPU = Debug|Any CPU
		Release|Any CPU = Release|Any CPU
	EndGlobalSection
	GlobalSection(ProjectConfigurationPlatforms) = postSolution
		{3A5CD160-9889-4DA2-B8EA-9AAAF1F7E36B}.Debug|Any CPU.ActiveCfg = Debug|Any CPU
		{3A5CD160-9889-4DA2-B8EA-9AAAF1F7E36B}.Debug|Any CPU.Build.0 = Debug|Any CPU
		{3A5CD160-9889-4DA2-B8EA-9AAAF1F7E36B}.Release|Any CPU.ActiveCfg = Release|Any CPU
		{3A5CD160-9889-4DA2-B8EA-9AAAF1F7E36B}.Release|Any CPU.Build.0 = Release|Any CPU
		{210D5150-7D98-44EE-9EFA-E422787A2482}.Debug|Any CPU.ActiveCfg = Debug|Any CPU
		{210D5150-7D98-44EE-9EFA-E422787A2482}.Debug|Any CPU.Build.0 = Debug|Any CPU
		{210D5150-7D98-44EE-9EFA-E422787A2482}.Release|Any CPU.ActiveCfg = Release|Any CPU
		{210D5150-7D98-44EE-9EFA-E422787A2482}.Release|Any CPU.Build.0 = Release|Any CPU
		{C88FF51D-77FC-4DAC-AFF9-DCD04E2C7F3C}.Debug|Any CPU.ActiveCfg = Debug|Any CPU
		{C88FF51D-77FC-4DAC-AFF9-DCD04E2C7F3C}.Debug|Any CPU.Build.0 = Debug|Any CPU
		{C88FF51D-77FC-4DAC-AFF9-DCD04E2C7F3C}.Release|Any CPU.ActiveCfg = Release|Any CPU
		{C88FF51D-77FC-4DAC-AFF9-DCD04E2C7F3C}.Release|Any CPU.Build.0 = Release|Any CPU
		{2DB3B271-7F8A-4871-8C53-FF9E0EB4B81A}.Debug|Any CPU.ActiveCfg = Debug|Any CPU
		{2DB3B271-7F8A-4871-8C53-FF9E0EB4B81A}.Debug|Any CPU.Build.0 = Debug|Any CPU
		{2DB3B271-7F8A-4871-8C53-FF9E0EB4B81A}.Release|Any CPU.ActiveCfg = Release|Any CPU
		{2DB3B271-7F8A-4871-8C53-FF9E0EB4B81A}.Release|Any CPU.Build.0 = Release|Any CPU
	EndGlobalSection
	GlobalSection(SolutionProperties) = preSolution
		HideSolutionNode = FALSE
	EndGlobalSection
EndGlobal
